// !$*UTF8*$!
{
	archiveVersion = 1;
	classes = {
	};
	objectVersion = 56;
	objects = {

/* Begin PBXBuildFile section */
		1008F0DF2B1B287B0049A3A8 /* AppDelegate.swift in Sources */ = {isa = PBXBuildFile; fileRef = 1008F0DE2B1B287B0049A3A8 /* AppDelegate.swift */; };
		1008F0E12B1B287B0049A3A8 /* SceneDelegate.swift in Sources */ = {isa = PBXBuildFile; fileRef = 1008F0E02B1B287B0049A3A8 /* SceneDelegate.swift */; };
		1008F0E92B1B287B0049A3A8 /* TheMovieApp.xcdatamodeld in Sources */ = {isa = PBXBuildFile; fileRef = 1008F0E72B1B287B0049A3A8 /* TheMovieApp.xcdatamodeld */; };
		1008F0EB2B1B287B0049A3A8 /* Assets.xcassets in Resources */ = {isa = PBXBuildFile; fileRef = 1008F0EA2B1B287B0049A3A8 /* Assets.xcassets */; };
		1008F0EE2B1B287B0049A3A8 /* LaunchScreen.storyboard in Resources */ = {isa = PBXBuildFile; fileRef = 1008F0EC2B1B287B0049A3A8 /* LaunchScreen.storyboard */; };
		1008F0FC2B1B2D410049A3A8 /* Alamofire in Frameworks */ = {isa = PBXBuildFile; productRef = 1008F0FB2B1B2D410049A3A8 /* Alamofire */; };
		1008F1002B1B30920049A3A8 /* NetworkManager.swift in Sources */ = {isa = PBXBuildFile; fileRef = 1008F0FF2B1B30920049A3A8 /* NetworkManager.swift */; };
		1008F1042B1B35F90049A3A8 /* Movie.swift in Sources */ = {isa = PBXBuildFile; fileRef = 1008F1032B1B35F90049A3A8 /* Movie.swift */; };
		1008F1082B1B367E0049A3A8 /* Endpoints.swift in Sources */ = {isa = PBXBuildFile; fileRef = 1008F1072B1B367E0049A3A8 /* Endpoints.swift */; };
		103B80A12B278B850081D1B8 /* HorizontalLabelsCollectionCell.swift in Sources */ = {isa = PBXBuildFile; fileRef = 103B80A02B278B850081D1B8 /* HorizontalLabelsCollectionCell.swift */; };
		103BAD372B28A1AB003B0FA5 /* MovieDetailedPageViewController.swift in Sources */ = {isa = PBXBuildFile; fileRef = 103BAD362B28A1AB003B0FA5 /* MovieDetailedPageViewController.swift */; };
		1045563C2B245E9500E7E883 /* SearchFromHomeViewController.swift in Sources */ = {isa = PBXBuildFile; fileRef = 1045563B2B245E9500E7E883 /* SearchFromHomeViewController.swift */; };
		1045563E2B24701F00E7E883 /* SearchViewTableViewCell.swift in Sources */ = {isa = PBXBuildFile; fileRef = 1045563D2B24701F00E7E883 /* SearchViewTableViewCell.swift */; };
		104556402B26065600E7E883 /* SearchPageViewModel.swift in Sources */ = {isa = PBXBuildFile; fileRef = 1045563F2B26065600E7E883 /* SearchPageViewModel.swift */; };
		105F05842B1B7E8B00A78132 /* HomePageViewModel.swift in Sources */ = {isa = PBXBuildFile; fileRef = 105F05832B1B7E8B00A78132 /* HomePageViewModel.swift */; };
		105F05862B1B809E00A78132 /* HomePageViewController.swift in Sources */ = {isa = PBXBuildFile; fileRef = 105F05852B1B809E00A78132 /* HomePageViewController.swift */; };
		1066BA812B2369E20004F391 /* PeoplePageViewController.swift in Sources */ = {isa = PBXBuildFile; fileRef = 1066BA802B2369E20004F391 /* PeoplePageViewController.swift */; };
		1066BA832B236A010004F391 /* PeoplePageViewModel.swift in Sources */ = {isa = PBXBuildFile; fileRef = 1066BA822B236A010004F391 /* PeoplePageViewModel.swift */; };
		1066BA852B236B660004F391 /* People.swift in Sources */ = {isa = PBXBuildFile; fileRef = 1066BA842B236B660004F391 /* People.swift */; };
		1066BA892B2375560004F391 /* TabViewController.swift in Sources */ = {isa = PBXBuildFile; fileRef = 1066BA882B2375560004F391 /* TabViewController.swift */; };
		107387A32B2260A40097D66D /* extension.swift in Sources */ = {isa = PBXBuildFile; fileRef = 107387A22B2260A40097D66D /* extension.swift */; };
		107387A52B2262050097D66D /* NetworkHelperLinker.swift in Sources */ = {isa = PBXBuildFile; fileRef = 107387A42B2262050097D66D /* NetworkHelperLinker.swift */; };
		108961502B2A08B8005D9ED1 /* MovieListUseCase.swift in Sources */ = {isa = PBXBuildFile; fileRef = 1089614F2B2A08B8005D9ED1 /* MovieListUseCase.swift */; };
		108961522B2A0938005D9ED1 /* HomePageManager.swift in Sources */ = {isa = PBXBuildFile; fileRef = 108961512B2A0938005D9ED1 /* HomePageManager.swift */; };
		108961562B2A0E2B005D9ED1 /* SearchManager.swift in Sources */ = {isa = PBXBuildFile; fileRef = 108961552B2A0E2B005D9ED1 /* SearchManager.swift */; };
		108961582B2A5212005D9ED1 /* MovieDetailed.swift in Sources */ = {isa = PBXBuildFile; fileRef = 108961572B2A5212005D9ED1 /* MovieDetailed.swift */; };
		1089615A2B2A5376005D9ED1 /* MovieDetailedPageViewModel.swift in Sources */ = {isa = PBXBuildFile; fileRef = 108961592B2A5376005D9ED1 /* MovieDetailedPageViewModel.swift */; };
		10A4DD7B2B1E30940009254C /* TopImageButtonLabelCell.swift in Sources */ = {isa = PBXBuildFile; fileRef = 10A4DD7A2B1E30940009254C /* TopImageButtonLabelCell.swift */; };
		10A5F9212B290DE600903D02 /* LabelAndCollectionView.swift in Sources */ = {isa = PBXBuildFile; fileRef = 10A5F9202B290DE600903D02 /* LabelAndCollectionView.swift */; };
		10AF61C12B27A14E00392EA3 /* Genres.swift in Sources */ = {isa = PBXBuildFile; fileRef = 10AF61C02B27A14E00392EA3 /* Genres.swift */; };
		10AF61C32B28164000392EA3 /* GenresHelper.swift in Sources */ = {isa = PBXBuildFile; fileRef = 10AF61C22B28164000392EA3 /* GenresHelper.swift */; };
		10DC15972B1CF23A0018A402 /* HomePageCollectionViewCell.swift in Sources */ = {isa = PBXBuildFile; fileRef = 10DC15962B1CF23A0018A402 /* HomePageCollectionViewCell.swift */; };
		10DDDA6C2B2B5F25007AB35A /* InfoThreeLabelImageCell.swift in Sources */ = {isa = PBXBuildFile; fileRef = 10DDDA6B2B2B5F25007AB35A /* InfoThreeLabelImageCell.swift */; };
		10F32BB42B2A5FBD003D78AB /* OneMediaCell.swift in Sources */ = {isa = PBXBuildFile; fileRef = 10F32BB32B2A5FBD003D78AB /* OneMediaCell.swift */; };
		10F32BB62B2A652F003D78AB /* OneTitleCell.swift in Sources */ = {isa = PBXBuildFile; fileRef = 10F32BB52B2A652F003D78AB /* OneTitleCell.swift */; };
		10F4D40A2B20CF0900841103 /* Kingfisher in Frameworks */ = {isa = PBXBuildFile; productRef = 10F4D4092B20CF0900841103 /* Kingfisher */; };
/* End PBXBuildFile section */

/* Begin PBXFileReference section */
		1008F0DB2B1B287B0049A3A8 /* TheMovieApp.app */ = {isa = PBXFileReference; explicitFileType = wrapper.application; includeInIndex = 0; path = TheMovieApp.app; sourceTree = BUILT_PRODUCTS_DIR; };
		1008F0DE2B1B287B0049A3A8 /* AppDelegate.swift */ = {isa = PBXFileReference; lastKnownFileType = sourcecode.swift; path = AppDelegate.swift; sourceTree = "<group>"; };
		1008F0E02B1B287B0049A3A8 /* SceneDelegate.swift */ = {isa = PBXFileReference; lastKnownFileType = sourcecode.swift; path = SceneDelegate.swift; sourceTree = "<group>"; };
		1008F0E82B1B287B0049A3A8 /* TheMovieApp.xcdatamodel */ = {isa = PBXFileReference; lastKnownFileType = wrapper.xcdatamodel; path = TheMovieApp.xcdatamodel; sourceTree = "<group>"; };
		1008F0EA2B1B287B0049A3A8 /* Assets.xcassets */ = {isa = PBXFileReference; lastKnownFileType = folder.assetcatalog; path = Assets.xcassets; sourceTree = "<group>"; };
		1008F0ED2B1B287B0049A3A8 /* Base */ = {isa = PBXFileReference; lastKnownFileType = file.storyboard; name = Base; path = Base.lproj/LaunchScreen.storyboard; sourceTree = "<group>"; };
		1008F0EF2B1B287B0049A3A8 /* Info.plist */ = {isa = PBXFileReference; lastKnownFileType = text.plist.xml; path = Info.plist; sourceTree = "<group>"; };
		1008F0FF2B1B30920049A3A8 /* NetworkManager.swift */ = {isa = PBXFileReference; lastKnownFileType = sourcecode.swift; path = NetworkManager.swift; sourceTree = "<group>"; };
		1008F1032B1B35F90049A3A8 /* Movie.swift */ = {isa = PBXFileReference; lastKnownFileType = sourcecode.swift; path = Movie.swift; sourceTree = "<group>"; };
		1008F1072B1B367E0049A3A8 /* Endpoints.swift */ = {isa = PBXFileReference; lastKnownFileType = sourcecode.swift; path = Endpoints.swift; sourceTree = "<group>"; };
		103B80A02B278B850081D1B8 /* HorizontalLabelsCollectionCell.swift */ = {isa = PBXFileReference; lastKnownFileType = sourcecode.swift; path = HorizontalLabelsCollectionCell.swift; sourceTree = "<group>"; };
		103BAD362B28A1AB003B0FA5 /* MovieDetailedPageViewController.swift */ = {isa = PBXFileReference; lastKnownFileType = sourcecode.swift; path = MovieDetailedPageViewController.swift; sourceTree = "<group>"; };
		1045563B2B245E9500E7E883 /* SearchFromHomeViewController.swift */ = {isa = PBXFileReference; lastKnownFileType = sourcecode.swift; path = SearchFromHomeViewController.swift; sourceTree = "<group>"; };
		1045563D2B24701F00E7E883 /* SearchViewTableViewCell.swift */ = {isa = PBXFileReference; lastKnownFileType = sourcecode.swift; path = SearchViewTableViewCell.swift; sourceTree = "<group>"; };
		1045563F2B26065600E7E883 /* SearchPageViewModel.swift */ = {isa = PBXFileReference; lastKnownFileType = sourcecode.swift; path = SearchPageViewModel.swift; sourceTree = "<group>"; };
		105F05832B1B7E8B00A78132 /* HomePageViewModel.swift */ = {isa = PBXFileReference; lastKnownFileType = sourcecode.swift; path = HomePageViewModel.swift; sourceTree = "<group>"; };
		105F05852B1B809E00A78132 /* HomePageViewController.swift */ = {isa = PBXFileReference; lastKnownFileType = sourcecode.swift; path = HomePageViewController.swift; sourceTree = "<group>"; };
		1066BA802B2369E20004F391 /* PeoplePageViewController.swift */ = {isa = PBXFileReference; lastKnownFileType = sourcecode.swift; path = PeoplePageViewController.swift; sourceTree = "<group>"; };
		1066BA822B236A010004F391 /* PeoplePageViewModel.swift */ = {isa = PBXFileReference; lastKnownFileType = sourcecode.swift; path = PeoplePageViewModel.swift; sourceTree = "<group>"; };
		1066BA842B236B660004F391 /* People.swift */ = {isa = PBXFileReference; lastKnownFileType = sourcecode.swift; path = People.swift; sourceTree = "<group>"; };
		1066BA882B2375560004F391 /* TabViewController.swift */ = {isa = PBXFileReference; lastKnownFileType = sourcecode.swift; path = TabViewController.swift; sourceTree = "<group>"; };
		107387A22B2260A40097D66D /* extension.swift */ = {isa = PBXFileReference; lastKnownFileType = sourcecode.swift; path = extension.swift; sourceTree = "<group>"; };
		107387A42B2262050097D66D /* NetworkHelperLinker.swift */ = {isa = PBXFileReference; lastKnownFileType = sourcecode.swift; path = NetworkHelperLinker.swift; sourceTree = "<group>"; };
		1089614F2B2A08B8005D9ED1 /* MovieListUseCase.swift */ = {isa = PBXFileReference; lastKnownFileType = sourcecode.swift; path = MovieListUseCase.swift; sourceTree = "<group>"; };
		108961512B2A0938005D9ED1 /* HomePageManager.swift */ = {isa = PBXFileReference; lastKnownFileType = sourcecode.swift; path = HomePageManager.swift; sourceTree = "<group>"; };
		108961552B2A0E2B005D9ED1 /* SearchManager.swift */ = {isa = PBXFileReference; lastKnownFileType = sourcecode.swift; path = SearchManager.swift; sourceTree = "<group>"; };
		108961572B2A5212005D9ED1 /* MovieDetailed.swift */ = {isa = PBXFileReference; lastKnownFileType = sourcecode.swift; path = MovieDetailed.swift; sourceTree = "<group>"; };
		108961592B2A5376005D9ED1 /* MovieDetailedPageViewModel.swift */ = {isa = PBXFileReference; lastKnownFileType = sourcecode.swift; path = MovieDetailedPageViewModel.swift; sourceTree = "<group>"; };
		10A4DD7A2B1E30940009254C /* TopImageButtonLabelCell.swift */ = {isa = PBXFileReference; lastKnownFileType = sourcecode.swift; path = TopImageButtonLabelCell.swift; sourceTree = "<group>"; };
		10A5F9202B290DE600903D02 /* LabelAndCollectionView.swift */ = {isa = PBXFileReference; lastKnownFileType = sourcecode.swift; path = LabelAndCollectionView.swift; sourceTree = "<group>"; };
		10AF61C02B27A14E00392EA3 /* Genres.swift */ = {isa = PBXFileReference; lastKnownFileType = sourcecode.swift; path = Genres.swift; sourceTree = "<group>"; };
		10AF61C22B28164000392EA3 /* GenresHelper.swift */ = {isa = PBXFileReference; lastKnownFileType = sourcecode.swift; path = GenresHelper.swift; sourceTree = "<group>"; };
		10DC15962B1CF23A0018A402 /* HomePageCollectionViewCell.swift */ = {isa = PBXFileReference; lastKnownFileType = sourcecode.swift; path = HomePageCollectionViewCell.swift; sourceTree = "<group>"; };
		10DDDA6B2B2B5F25007AB35A /* InfoThreeLabelImageCell.swift */ = {isa = PBXFileReference; lastKnownFileType = sourcecode.swift; path = InfoThreeLabelImageCell.swift; sourceTree = "<group>"; };
		10F32BB32B2A5FBD003D78AB /* OneMediaCell.swift */ = {isa = PBXFileReference; lastKnownFileType = sourcecode.swift; path = OneMediaCell.swift; sourceTree = "<group>"; };
		10F32BB52B2A652F003D78AB /* OneTitleCell.swift */ = {isa = PBXFileReference; lastKnownFileType = sourcecode.swift; path = OneTitleCell.swift; sourceTree = "<group>"; };
/* End PBXFileReference section */

/* Begin PBXFrameworksBuildPhase section */
		1008F0D82B1B287B0049A3A8 /* Frameworks */ = {
			isa = PBXFrameworksBuildPhase;
			buildActionMask = 2147483647;
			files = (
				10F4D40A2B20CF0900841103 /* Kingfisher in Frameworks */,
				1008F0FC2B1B2D410049A3A8 /* Alamofire in Frameworks */,
			);
			runOnlyForDeploymentPostprocessing = 0;
		};
/* End PBXFrameworksBuildPhase section */

/* Begin PBXGroup section */
		1008F0D22B1B287B0049A3A8 = {
			isa = PBXGroup;
			children = (
				1008F0DD2B1B287B0049A3A8 /* TheMovieApp */,
				1008F0DC2B1B287B0049A3A8 /* Products */,
			);
			sourceTree = "<group>";
		};
		1008F0DC2B1B287B0049A3A8 /* Products */ = {
			isa = PBXGroup;
			children = (
				1008F0DB2B1B287B0049A3A8 /* TheMovieApp.app */,
			);
			name = Products;
			sourceTree = "<group>";
		};
		1008F0DD2B1B287B0049A3A8 /* TheMovieApp */ = {
			isa = PBXGroup;
			children = (
				107387A12B2260920097D66D /* Helper */,
				1008F0F62B1B29490049A3A8 /* Networking */,
				1008F0F92B1B295F0049A3A8 /* View */,
				1008F0F72B1B29500049A3A8 /* Model */,
				1008F0F52B1B29410049A3A8 /* ViewModel */,
				1008F0F82B1B29550049A3A8 /* Controller */,
				1008F0DE2B1B287B0049A3A8 /* AppDelegate.swift */,
				1008F0E02B1B287B0049A3A8 /* SceneDelegate.swift */,
				1008F0EA2B1B287B0049A3A8 /* Assets.xcassets */,
				1008F0EC2B1B287B0049A3A8 /* LaunchScreen.storyboard */,
				1008F0EF2B1B287B0049A3A8 /* Info.plist */,
				1008F0E72B1B287B0049A3A8 /* TheMovieApp.xcdatamodeld */,
			);
			path = TheMovieApp;
			sourceTree = "<group>";
		};
		1008F0F52B1B29410049A3A8 /* ViewModel */ = {
			isa = PBXGroup;
			children = (
				105F05832B1B7E8B00A78132 /* HomePageViewModel.swift */,
				1066BA822B236A010004F391 /* PeoplePageViewModel.swift */,
				1045563F2B26065600E7E883 /* SearchPageViewModel.swift */,
				108961592B2A5376005D9ED1 /* MovieDetailedPageViewModel.swift */,
			);
			path = ViewModel;
			sourceTree = "<group>";
		};
		1008F0F62B1B29490049A3A8 /* Networking */ = {
			isa = PBXGroup;
			children = (
				1008F1072B1B367E0049A3A8 /* Endpoints.swift */,
				1089614E2B2A0894005D9ED1 /* UsaCase */,
				1089614D2B2A0856005D9ED1 /* Core */,
				1089614C2B2A0818005D9ED1 /* Manager */,
			);
			path = Networking;
			sourceTree = "<group>";
		};
		1008F0F72B1B29500049A3A8 /* Model */ = {
			isa = PBXGroup;
			children = (
				1008F1032B1B35F90049A3A8 /* Movie.swift */,
				1066BA842B236B660004F391 /* People.swift */,
				10AF61C02B27A14E00392EA3 /* Genres.swift */,
				108961572B2A5212005D9ED1 /* MovieDetailed.swift */,
			);
			path = Model;
			sourceTree = "<group>";
		};
		1008F0F82B1B29550049A3A8 /* Controller */ = {
			isa = PBXGroup;
			children = (
				105F05852B1B809E00A78132 /* HomePageViewController.swift */,
				1066BA802B2369E20004F391 /* PeoplePageViewController.swift */,
				1045563B2B245E9500E7E883 /* SearchFromHomeViewController.swift */,
				103BAD362B28A1AB003B0FA5 /* MovieDetailedPageViewController.swift */,
			);
			path = Controller;
			sourceTree = "<group>";
		};
		1008F0F92B1B295F0049A3A8 /* View */ = {
			isa = PBXGroup;
			children = (
				10F32BB22B2A5F8B003D78AB /* MovieDetailedPageCells */,
				10DC15962B1CF23A0018A402 /* HomePageCollectionViewCell.swift */,
				10A4DD7A2B1E30940009254C /* TopImageButtonLabelCell.swift */,
				1045563D2B24701F00E7E883 /* SearchViewTableViewCell.swift */,
				103B80A02B278B850081D1B8 /* HorizontalLabelsCollectionCell.swift */,
			);
			path = View;
			sourceTree = "<group>";
		};
		107387A12B2260920097D66D /* Helper */ = {
			isa = PBXGroup;
			children = (
				107387A22B2260A40097D66D /* extension.swift */,
				1066BA882B2375560004F391 /* TabViewController.swift */,
				10AF61C22B28164000392EA3 /* GenresHelper.swift */,
				10A5F9202B290DE600903D02 /* LabelAndCollectionView.swift */,
			);
			path = Helper;
			sourceTree = "<group>";
		};
		1089614C2B2A0818005D9ED1 /* Manager */ = {
			isa = PBXGroup;
			children = (
				108961512B2A0938005D9ED1 /* HomePageManager.swift */,
				108961552B2A0E2B005D9ED1 /* SearchManager.swift */,
			);
			path = Manager;
			sourceTree = "<group>";
		};
		1089614D2B2A0856005D9ED1 /* Core */ = {
			isa = PBXGroup;
			children = (
				1008F0FF2B1B30920049A3A8 /* NetworkManager.swift */,
				107387A42B2262050097D66D /* NetworkHelperLinker.swift */,
			);
			path = Core;
			sourceTree = "<group>";
		};
		1089614E2B2A0894005D9ED1 /* UsaCase */ = {
			isa = PBXGroup;
			children = (
				1089614F2B2A08B8005D9ED1 /* MovieListUseCase.swift */,
			);
			path = UsaCase;
			sourceTree = "<group>";
		};
		10F32BB22B2A5F8B003D78AB /* MovieDetailedPageCells */ = {
			isa = PBXGroup;
			children = (
				10F32BB32B2A5FBD003D78AB /* OneMediaCell.swift */,
				10F32BB52B2A652F003D78AB /* OneTitleCell.swift */,
				10DDDA6B2B2B5F25007AB35A /* InfoThreeLabelImageCell.swift */,
			);
			path = MovieDetailedPageCells;
			sourceTree = "<group>";
		};
/* End PBXGroup section */

/* Begin PBXNativeTarget section */
		1008F0DA2B1B287B0049A3A8 /* TheMovieApp */ = {
			isa = PBXNativeTarget;
			buildConfigurationList = 1008F0F22B1B287B0049A3A8 /* Build configuration list for PBXNativeTarget "TheMovieApp" */;
			buildPhases = (
				1008F0D72B1B287B0049A3A8 /* Sources */,
				1008F0D82B1B287B0049A3A8 /* Frameworks */,
				1008F0D92B1B287B0049A3A8 /* Resources */,
			);
			buildRules = (
			);
			dependencies = (
			);
			name = TheMovieApp;
			packageProductDependencies = (
				1008F0FB2B1B2D410049A3A8 /* Alamofire */,
				10F4D4092B20CF0900841103 /* Kingfisher */,
			);
			productName = TheMovieApp;
			productReference = 1008F0DB2B1B287B0049A3A8 /* TheMovieApp.app */;
			productType = "com.apple.product-type.application";
		};
/* End PBXNativeTarget section */

/* Begin PBXProject section */
		1008F0D32B1B287B0049A3A8 /* Project object */ = {
			isa = PBXProject;
			attributes = {
				BuildIndependentTargetsInParallel = 1;
				LastSwiftUpdateCheck = 1500;
				LastUpgradeCheck = 1500;
				TargetAttributes = {
					1008F0DA2B1B287B0049A3A8 = {
						CreatedOnToolsVersion = 15.0.1;
					};
				};
			};
			buildConfigurationList = 1008F0D62B1B287B0049A3A8 /* Build configuration list for PBXProject "TheMovieApp" */;
			compatibilityVersion = "Xcode 14.0";
			developmentRegion = en;
			hasScannedForEncodings = 0;
			knownRegions = (
				en,
				Base,
			);
			mainGroup = 1008F0D22B1B287B0049A3A8;
			packageReferences = (
				1008F0FA2B1B2D410049A3A8 /* XCRemoteSwiftPackageReference "Alamofire" */,
				10F4D4082B20CF0900841103 /* XCRemoteSwiftPackageReference "Kingfisher" */,
			);
			productRefGroup = 1008F0DC2B1B287B0049A3A8 /* Products */;
			projectDirPath = "";
			projectRoot = "";
			targets = (
				1008F0DA2B1B287B0049A3A8 /* TheMovieApp */,
			);
		};
/* End PBXProject section */

/* Begin PBXResourcesBuildPhase section */
		1008F0D92B1B287B0049A3A8 /* Resources */ = {
			isa = PBXResourcesBuildPhase;
			buildActionMask = 2147483647;
			files = (
				1008F0EE2B1B287B0049A3A8 /* LaunchScreen.storyboard in Resources */,
				1008F0EB2B1B287B0049A3A8 /* Assets.xcassets in Resources */,
			);
			runOnlyForDeploymentPostprocessing = 0;
		};
/* End PBXResourcesBuildPhase section */

/* Begin PBXSourcesBuildPhase section */
		1008F0D72B1B287B0049A3A8 /* Sources */ = {
			isa = PBXSourcesBuildPhase;
			buildActionMask = 2147483647;
			files = (
				103B80A12B278B850081D1B8 /* HorizontalLabelsCollectionCell.swift in Sources */,
				10AF61C32B28164000392EA3 /* GenresHelper.swift in Sources */,
				1066BA832B236A010004F391 /* PeoplePageViewModel.swift in Sources */,
				1066BA812B2369E20004F391 /* PeoplePageViewController.swift in Sources */,
				1008F1002B1B30920049A3A8 /* NetworkManager.swift in Sources */,
				10DC15972B1CF23A0018A402 /* HomePageCollectionViewCell.swift in Sources */,
				1066BA852B236B660004F391 /* People.swift in Sources */,
				107387A32B2260A40097D66D /* extension.swift in Sources */,
				1008F0DF2B1B287B0049A3A8 /* AppDelegate.swift in Sources */,
				1008F1082B1B367E0049A3A8 /* Endpoints.swift in Sources */,
				10AF61C12B27A14E00392EA3 /* Genres.swift in Sources */,
				10F32BB62B2A652F003D78AB /* OneTitleCell.swift in Sources */,
				1066BA892B2375560004F391 /* TabViewController.swift in Sources */,
				1045563C2B245E9500E7E883 /* SearchFromHomeViewController.swift in Sources */,
				1045563E2B24701F00E7E883 /* SearchViewTableViewCell.swift in Sources */,
				105F05842B1B7E8B00A78132 /* HomePageViewModel.swift in Sources */,
				108961562B2A0E2B005D9ED1 /* SearchManager.swift in Sources */,
				105F05862B1B809E00A78132 /* HomePageViewController.swift in Sources */,
				108961502B2A08B8005D9ED1 /* MovieListUseCase.swift in Sources */,
				108961522B2A0938005D9ED1 /* HomePageManager.swift in Sources */,
				104556402B26065600E7E883 /* SearchPageViewModel.swift in Sources */,
				10A5F9212B290DE600903D02 /* LabelAndCollectionView.swift in Sources */,
				1008F0E92B1B287B0049A3A8 /* TheMovieApp.xcdatamodeld in Sources */,
				108961582B2A5212005D9ED1 /* MovieDetailed.swift in Sources */,
				1008F0E12B1B287B0049A3A8 /* SceneDelegate.swift in Sources */,
				103BAD372B28A1AB003B0FA5 /* MovieDetailedPageViewController.swift in Sources */,
				1089615A2B2A5376005D9ED1 /* MovieDetailedPageViewModel.swift in Sources */,
				10A4DD7B2B1E30940009254C /* TopImageButtonLabelCell.swift in Sources */,
				107387A52B2262050097D66D /* NetworkHelperLinker.swift in Sources */,
				1008F1042B1B35F90049A3A8 /* Movie.swift in Sources */,
				10F32BB42B2A5FBD003D78AB /* OneMediaCell.swift in Sources */,
				10DDDA6C2B2B5F25007AB35A /* InfoThreeLabelImageCell.swift in Sources */,
			);
			runOnlyForDeploymentPostprocessing = 0;
		};
/* End PBXSourcesBuildPhase section */

/* Begin PBXVariantGroup section */
		1008F0EC2B1B287B0049A3A8 /* LaunchScreen.storyboard */ = {
			isa = PBXVariantGroup;
			children = (
				1008F0ED2B1B287B0049A3A8 /* Base */,
			);
			name = LaunchScreen.storyboard;
			sourceTree = "<group>";
		};
/* End PBXVariantGroup section */

/* Begin XCBuildConfiguration section */
		1008F0F02B1B287B0049A3A8 /* Debug */ = {
			isa = XCBuildConfiguration;
			buildSettings = {
				ALWAYS_SEARCH_USER_PATHS = NO;
				ASSETCATALOG_COMPILER_GENERATE_SWIFT_ASSET_SYMBOL_EXTENSIONS = YES;
				CLANG_ANALYZER_NONNULL = YES;
				CLANG_ANALYZER_NUMBER_OBJECT_CONVERSION = YES_AGGRESSIVE;
				CLANG_CXX_LANGUAGE_STANDARD = "gnu++20";
				CLANG_ENABLE_MODULES = YES;
				CLANG_ENABLE_OBJC_ARC = YES;
				CLANG_ENABLE_OBJC_WEAK = YES;
				CLANG_WARN_BLOCK_CAPTURE_AUTORELEASING = YES;
				CLANG_WARN_BOOL_CONVERSION = YES;
				CLANG_WARN_COMMA = YES;
				CLANG_WARN_CONSTANT_CONVERSION = YES;
				CLANG_WARN_DEPRECATED_OBJC_IMPLEMENTATIONS = YES;
				CLANG_WARN_DIRECT_OBJC_ISA_USAGE = YES_ERROR;
				CLANG_WARN_DOCUMENTATION_COMMENTS = YES;
				CLANG_WARN_EMPTY_BODY = YES;
				CLANG_WARN_ENUM_CONVERSION = YES;
				CLANG_WARN_INFINITE_RECURSION = YES;
				CLANG_WARN_INT_CONVERSION = YES;
				CLANG_WARN_NON_LITERAL_NULL_CONVERSION = YES;
				CLANG_WARN_OBJC_IMPLICIT_RETAIN_SELF = YES;
				CLANG_WARN_OBJC_LITERAL_CONVERSION = YES;
				CLANG_WARN_OBJC_ROOT_CLASS = YES_ERROR;
				CLANG_WARN_QUOTED_INCLUDE_IN_FRAMEWORK_HEADER = YES;
				CLANG_WARN_RANGE_LOOP_ANALYSIS = YES;
				CLANG_WARN_STRICT_PROTOTYPES = YES;
				CLANG_WARN_SUSPICIOUS_MOVE = YES;
				CLANG_WARN_UNGUARDED_AVAILABILITY = YES_AGGRESSIVE;
				CLANG_WARN_UNREACHABLE_CODE = YES;
				CLANG_WARN__DUPLICATE_METHOD_MATCH = YES;
				COPY_PHASE_STRIP = NO;
				DEBUG_INFORMATION_FORMAT = dwarf;
				ENABLE_STRICT_OBJC_MSGSEND = YES;
				ENABLE_TESTABILITY = YES;
				ENABLE_USER_SCRIPT_SANDBOXING = YES;
				GCC_C_LANGUAGE_STANDARD = gnu17;
				GCC_DYNAMIC_NO_PIC = NO;
				GCC_NO_COMMON_BLOCKS = YES;
				GCC_OPTIMIZATION_LEVEL = 0;
				GCC_PREPROCESSOR_DEFINITIONS = (
					"DEBUG=1",
					"$(inherited)",
				);
				GCC_WARN_64_TO_32_BIT_CONVERSION = YES;
				GCC_WARN_ABOUT_RETURN_TYPE = YES_ERROR;
				GCC_WARN_UNDECLARED_SELECTOR = YES;
				GCC_WARN_UNINITIALIZED_AUTOS = YES_AGGRESSIVE;
				GCC_WARN_UNUSED_FUNCTION = YES;
				GCC_WARN_UNUSED_VARIABLE = YES;
				IPHONEOS_DEPLOYMENT_TARGET = 17.0;
				LOCALIZATION_PREFERS_STRING_CATALOGS = YES;
				MTL_ENABLE_DEBUG_INFO = INCLUDE_SOURCE;
				MTL_FAST_MATH = YES;
				ONLY_ACTIVE_ARCH = YES;
				SDKROOT = iphoneos;
				SWIFT_ACTIVE_COMPILATION_CONDITIONS = "DEBUG $(inherited)";
				SWIFT_OPTIMIZATION_LEVEL = "-Onone";
			};
			name = Debug;
		};
		1008F0F12B1B287B0049A3A8 /* Release */ = {
			isa = XCBuildConfiguration;
			buildSettings = {
				ALWAYS_SEARCH_USER_PATHS = NO;
				ASSETCATALOG_COMPILER_GENERATE_SWIFT_ASSET_SYMBOL_EXTENSIONS = YES;
				CLANG_ANALYZER_NONNULL = YES;
				CLANG_ANALYZER_NUMBER_OBJECT_CONVERSION = YES_AGGRESSIVE;
				CLANG_CXX_LANGUAGE_STANDARD = "gnu++20";
				CLANG_ENABLE_MODULES = YES;
				CLANG_ENABLE_OBJC_ARC = YES;
				CLANG_ENABLE_OBJC_WEAK = YES;
				CLANG_WARN_BLOCK_CAPTURE_AUTORELEASING = YES;
				CLANG_WARN_BOOL_CONVERSION = YES;
				CLANG_WARN_COMMA = YES;
				CLANG_WARN_CONSTANT_CONVERSION = YES;
				CLANG_WARN_DEPRECATED_OBJC_IMPLEMENTATIONS = YES;
				CLANG_WARN_DIRECT_OBJC_ISA_USAGE = YES_ERROR;
				CLANG_WARN_DOCUMENTATION_COMMENTS = YES;
				CLANG_WARN_EMPTY_BODY = YES;
				CLANG_WARN_ENUM_CONVERSION = YES;
				CLANG_WARN_INFINITE_RECURSION = YES;
				CLANG_WARN_INT_CONVERSION = YES;
				CLANG_WARN_NON_LITERAL_NULL_CONVERSION = YES;
				CLANG_WARN_OBJC_IMPLICIT_RETAIN_SELF = YES;
				CLANG_WARN_OBJC_LITERAL_CONVERSION = YES;
				CLANG_WARN_OBJC_ROOT_CLASS = YES_ERROR;
				CLANG_WARN_QUOTED_INCLUDE_IN_FRAMEWORK_HEADER = YES;
				CLANG_WARN_RANGE_LOOP_ANALYSIS = YES;
				CLANG_WARN_STRICT_PROTOTYPES = YES;
				CLANG_WARN_SUSPICIOUS_MOVE = YES;
				CLANG_WARN_UNGUARDED_AVAILABILITY = YES_AGGRESSIVE;
				CLANG_WARN_UNREACHABLE_CODE = YES;
				CLANG_WARN__DUPLICATE_METHOD_MATCH = YES;
				COPY_PHASE_STRIP = NO;
				DEBUG_INFORMATION_FORMAT = "dwarf-with-dsym";
				ENABLE_NS_ASSERTIONS = NO;
				ENABLE_STRICT_OBJC_MSGSEND = YES;
				ENABLE_USER_SCRIPT_SANDBOXING = YES;
				GCC_C_LANGUAGE_STANDARD = gnu17;
				GCC_NO_COMMON_BLOCKS = YES;
				GCC_WARN_64_TO_32_BIT_CONVERSION = YES;
				GCC_WARN_ABOUT_RETURN_TYPE = YES_ERROR;
				GCC_WARN_UNDECLARED_SELECTOR = YES;
				GCC_WARN_UNINITIALIZED_AUTOS = YES_AGGRESSIVE;
				GCC_WARN_UNUSED_FUNCTION = YES;
				GCC_WARN_UNUSED_VARIABLE = YES;
				IPHONEOS_DEPLOYMENT_TARGET = 17.0;
				LOCALIZATION_PREFERS_STRING_CATALOGS = YES;
				MTL_ENABLE_DEBUG_INFO = NO;
				MTL_FAST_MATH = YES;
				SDKROOT = iphoneos;
				SWIFT_COMPILATION_MODE = wholemodule;
				VALIDATE_PRODUCT = YES;
			};
			name = Release;
		};
		1008F0F32B1B287B0049A3A8 /* Debug */ = {
			isa = XCBuildConfiguration;
			buildSettings = {
				ASSETCATALOG_COMPILER_APPICON_NAME = AppIcon;
				ASSETCATALOG_COMPILER_GLOBAL_ACCENT_COLOR_NAME = AccentColor;
				CODE_SIGN_STYLE = Automatic;
				CURRENT_PROJECT_VERSION = 1;
				DEVELOPMENT_TEAM = Y34U93D838;
				GENERATE_INFOPLIST_FILE = YES;
				INFOPLIST_FILE = TheMovieApp/Info.plist;
				INFOPLIST_KEY_UIApplicationSupportsIndirectInputEvents = YES;
				INFOPLIST_KEY_UILaunchStoryboardName = LaunchScreen;
				INFOPLIST_KEY_UISupportedInterfaceOrientations_iPad = "UIInterfaceOrientationPortrait UIInterfaceOrientationPortraitUpsideDown UIInterfaceOrientationLandscapeLeft UIInterfaceOrientationLandscapeRight";
				INFOPLIST_KEY_UISupportedInterfaceOrientations_iPhone = "UIInterfaceOrientationPortrait UIInterfaceOrientationLandscapeLeft UIInterfaceOrientationLandscapeRight";
				LD_RUNPATH_SEARCH_PATHS = (
					"$(inherited)",
					"@executable_path/Frameworks",
				);
				MARKETING_VERSION = 1.0;
				PRODUCT_BUNDLE_IDENTIFIER = com.nazrindolkhanova.TheMovieApp;
				PRODUCT_NAME = "$(TARGET_NAME)";
				SWIFT_EMIT_LOC_STRINGS = YES;
				SWIFT_VERSION = 5.0;
				TARGETED_DEVICE_FAMILY = "1,2";
			};
			name = Debug;
		};
		1008F0F42B1B287B0049A3A8 /* Release */ = {
			isa = XCBuildConfiguration;
			buildSettings = {
				ASSETCATALOG_COMPILER_APPICON_NAME = AppIcon;
				ASSETCATALOG_COMPILER_GLOBAL_ACCENT_COLOR_NAME = AccentColor;
				CODE_SIGN_STYLE = Automatic;
				CURRENT_PROJECT_VERSION = 1;
				DEVELOPMENT_TEAM = Y34U93D838;
				GENERATE_INFOPLIST_FILE = YES;
				INFOPLIST_FILE = TheMovieApp/Info.plist;
				INFOPLIST_KEY_UIApplicationSupportsIndirectInputEvents = YES;
				INFOPLIST_KEY_UILaunchStoryboardName = LaunchScreen;
				INFOPLIST_KEY_UISupportedInterfaceOrientations_iPad = "UIInterfaceOrientationPortrait UIInterfaceOrientationPortraitUpsideDown UIInterfaceOrientationLandscapeLeft UIInterfaceOrientationLandscapeRight";
				INFOPLIST_KEY_UISupportedInterfaceOrientations_iPhone = "UIInterfaceOrientationPortrait UIInterfaceOrientationLandscapeLeft UIInterfaceOrientationLandscapeRight";
				LD_RUNPATH_SEARCH_PATHS = (
					"$(inherited)",
					"@executable_path/Frameworks",
				);
				MARKETING_VERSION = 1.0;
				PRODUCT_BUNDLE_IDENTIFIER = com.nazrindolkhanova.TheMovieApp;
				PRODUCT_NAME = "$(TARGET_NAME)";
				SWIFT_EMIT_LOC_STRINGS = YES;
				SWIFT_VERSION = 5.0;
				TARGETED_DEVICE_FAMILY = "1,2";
			};
			name = Release;
		};
/* End XCBuildConfiguration section */

/* Begin XCConfigurationList section */
		1008F0D62B1B287B0049A3A8 /* Build configuration list for PBXProject "TheMovieApp" */ = {
			isa = XCConfigurationList;
			buildConfigurations = (
				1008F0F02B1B287B0049A3A8 /* Debug */,
				1008F0F12B1B287B0049A3A8 /* Release */,
			);
			defaultConfigurationIsVisible = 0;
			defaultConfigurationName = Release;
		};
		1008F0F22B1B287B0049A3A8 /* Build configuration list for PBXNativeTarget "TheMovieApp" */ = {
			isa = XCConfigurationList;
			buildConfigurations = (
				1008F0F32B1B287B0049A3A8 /* Debug */,
				1008F0F42B1B287B0049A3A8 /* Release */,
			);
			defaultConfigurationIsVisible = 0;
			defaultConfigurationName = Release;
		};
/* End XCConfigurationList section */

/* Begin XCRemoteSwiftPackageReference section */
		1008F0FA2B1B2D410049A3A8 /* XCRemoteSwiftPackageReference "Alamofire" */ = {
			isa = XCRemoteSwiftPackageReference;
			repositoryURL = "https://github.com/Alamofire/Alamofire.git";
			requirement = {
				kind = upToNextMajorVersion;
				minimumVersion = 5.8.1;
			};
		};
		10F4D4082B20CF0900841103 /* XCRemoteSwiftPackageReference "Kingfisher" */ = {
			isa = XCRemoteSwiftPackageReference;
			repositoryURL = "https://github.com/onevcat/Kingfisher.git";
			requirement = {
				kind = upToNextMajorVersion;
				minimumVersion = 7.10.0;
			};
		};
/* End XCRemoteSwiftPackageReference section */

/* Begin XCSwiftPackageProductDependency section */
		1008F0FB2B1B2D410049A3A8 /* Alamofire */ = {
			isa = XCSwiftPackageProductDependency;
			package = 1008F0FA2B1B2D410049A3A8 /* XCRemoteSwiftPackageReference "Alamofire" */;
			productName = Alamofire;
		};
		10F4D4092B20CF0900841103 /* Kingfisher */ = {
			isa = XCSwiftPackageProductDependency;
			package = 10F4D4082B20CF0900841103 /* XCRemoteSwiftPackageReference "Kingfisher" */;
			productName = Kingfisher;
		};
/* End XCSwiftPackageProductDependency section */

/* Begin XCVersionGroup section */
		1008F0E72B1B287B0049A3A8 /* TheMovieApp.xcdatamodeld */ = {
			isa = XCVersionGroup;
			children = (
				1008F0E82B1B287B0049A3A8 /* TheMovieApp.xcdatamodel */,
			);
			currentVersion = 1008F0E82B1B287B0049A3A8 /* TheMovieApp.xcdatamodel */;
			path = TheMovieApp.xcdatamodeld;
			sourceTree = "<group>";
			versionGroupType = wrapper.xcdatamodel;
		};
/* End XCVersionGroup section */
	};
	rootObject = 1008F0D32B1B287B0049A3A8 /* Project object */;
}
