// !$*UTF8*$!
{
	archiveVersion = 1;
	classes = {
	};
	objectVersion = 56;
	objects = {

/* Begin PBXBuildFile section */
		1008F0DF2B1B287B0049A3A8 /* AppDelegate.swift in Sources */ = {isa = PBXBuildFile; fileRef = 1008F0DE2B1B287B0049A3A8 /* AppDelegate.swift */; };
		1008F0E12B1B287B0049A3A8 /* SceneDelegate.swift in Sources */ = {isa = PBXBuildFile; fileRef = 1008F0E02B1B287B0049A3A8 /* SceneDelegate.swift */; };
		1008F0E92B1B287B0049A3A8 /* TheMovieApp.xcdatamodeld in Sources */ = {isa = PBXBuildFile; fileRef = 1008F0E72B1B287B0049A3A8 /* TheMovieApp.xcdatamodeld */; };
		1008F0EB2B1B287B0049A3A8 /* Assets.xcassets in Resources */ = {isa = PBXBuildFile; fileRef = 1008F0EA2B1B287B0049A3A8 /* Assets.xcassets */; };
		1008F0EE2B1B287B0049A3A8 /* LaunchScreen.storyboard in Resources */ = {isa = PBXBuildFile; fileRef = 1008F0EC2B1B287B0049A3A8 /* LaunchScreen.storyboard */; };
		1008F0FC2B1B2D410049A3A8 /* Alamofire in Frameworks */ = {isa = PBXBuildFile; productRef = 1008F0FB2B1B2D410049A3A8 /* Alamofire */; };
		1008F1002B1B30920049A3A8 /* NetworkManager.swift in Sources */ = {isa = PBXBuildFile; fileRef = 1008F0FF2B1B30920049A3A8 /* NetworkManager.swift */; };
		1008F1042B1B35F90049A3A8 /* Movie.swift in Sources */ = {isa = PBXBuildFile; fileRef = 1008F1032B1B35F90049A3A8 /* Movie.swift */; };
		1008F1082B1B367E0049A3A8 /* Endpoints.swift in Sources */ = {isa = PBXBuildFile; fileRef = 1008F1072B1B367E0049A3A8 /* Endpoints.swift */; };
		105F05842B1B7E8B00A78132 /* HomePageViewModel.swift in Sources */ = {isa = PBXBuildFile; fileRef = 105F05832B1B7E8B00A78132 /* HomePageViewModel.swift */; };
		105F05862B1B809E00A78132 /* HomePageViewController.swift in Sources */ = {isa = PBXBuildFile; fileRef = 105F05852B1B809E00A78132 /* HomePageViewController.swift */; };
/* End PBXBuildFile section */

/* Begin PBXFileReference section */
		1008F0DB2B1B287B0049A3A8 /* TheMovieApp.app */ = {isa = PBXFileReference; explicitFileType = wrapper.application; includeInIndex = 0; path = TheMovieApp.app; sourceTree = BUILT_PRODUCTS_DIR; };
		1008F0DE2B1B287B0049A3A8 /* AppDelegate.swift */ = {isa = PBXFileReference; lastKnownFileType = sourcecode.swift; path = AppDelegate.swift; sourceTree = "<group>"; };
		1008F0E02B1B287B0049A3A8 /* SceneDelegate.swift */ = {isa = PBXFileReference; lastKnownFileType = sourcecode.swift; path = SceneDelegate.swift; sourceTree = "<group>"; };
		1008F0E82B1B287B0049A3A8 /* TheMovieApp.xcdatamodel */ = {isa = PBXFileReference; lastKnownFileType = wrapper.xcdatamodel; path = TheMovieApp.xcdatamodel; sourceTree = "<group>"; };
		1008F0EA2B1B287B0049A3A8 /* Assets.xcassets */ = {isa = PBXFileReference; lastKnownFileType = folder.assetcatalog; path = Assets.xcassets; sourceTree = "<group>"; };
		1008F0ED2B1B287B0049A3A8 /* Base */ = {isa = PBXFileReference; lastKnownFileType = file.storyboard; name = Base; path = Base.lproj/LaunchScreen.storyboard; sourceTree = "<group>"; };
		1008F0EF2B1B287B0049A3A8 /* Info.plist */ = {isa = PBXFileReference; lastKnownFileType = text.plist.xml; path = Info.plist; sourceTree = "<group>"; };
		1008F0FF2B1B30920049A3A8 /* NetworkManager.swift */ = {isa = PBXFileReference; lastKnownFileType = sourcecode.swift; path = NetworkManager.swift; sourceTree = "<group>"; };
		1008F1032B1B35F90049A3A8 /* Movie.swift */ = {isa = PBXFileReference; lastKnownFileType = sourcecode.swift; path = Movie.swift; sourceTree = "<group>"; };
		1008F1072B1B367E0049A3A8 /* Endpoints.swift */ = {isa = PBXFileReference; lastKnownFileType = sourcecode.swift; path = Endpoints.swift; sourceTree = "<group>"; };
		105F05832B1B7E8B00A78132 /* HomePageViewModel.swift */ = {isa = PBXFileReference; lastKnownFileType = sourcecode.swift; path = HomePageViewModel.swift; sourceTree = "<group>"; };
		105F05852B1B809E00A78132 /* HomePageViewController.swift */ = {isa = PBXFileReference; lastKnownFileType = sourcecode.swift; path = HomePageViewController.swift; sourceTree = "<group>"; };
/* End PBXFileReference section */

/* Begin PBXFrameworksBuildPhase section */
		1008F0D82B1B287B0049A3A8 /* Frameworks */ = {
			isa = PBXFrameworksBuildPhase;
			buildActionMask = 2147483647;
			files = (
				1008F0FC2B1B2D410049A3A8 /* Alamofire in Frameworks */,
			);
			runOnlyForDeploymentPostprocessing = 0;
		};
/* End PBXFrameworksBuildPhase section */

/* Begin PBXGroup section */
		1008F0D22B1B287B0049A3A8 = {
			isa = PBXGroup;
			children = (
				1008F0DD2B1B287B0049A3A8 /* TheMovieApp */,
				1008F0DC2B1B287B0049A3A8 /* Products */,
			);
			sourceTree = "<group>";
		};
		1008F0DC2B1B287B0049A3A8 /* Products */ = {
			isa = PBXGroup;
			children = (
				1008F0DB2B1B287B0049A3A8 /* TheMovieApp.app */,
			);
			name = Products;
			sourceTree = "<group>";
		};
		1008F0DD2B1B287B0049A3A8 /* TheMovieApp */ = {
			isa = PBXGroup;
			children = (
				1008F0F62B1B29490049A3A8 /* Networking */,
				1008F0F92B1B295F0049A3A8 /* View */,
				1008F0F72B1B29500049A3A8 /* Model */,
				1008F0F52B1B29410049A3A8 /* ViewModel */,
				1008F0F82B1B29550049A3A8 /* Controller */,
				1008F0DE2B1B287B0049A3A8 /* AppDelegate.swift */,
				1008F0E02B1B287B0049A3A8 /* SceneDelegate.swift */,
				1008F0EA2B1B287B0049A3A8 /* Assets.xcassets */,
				1008F0EC2B1B287B0049A3A8 /* LaunchScreen.storyboard */,
				1008F0EF2B1B287B0049A3A8 /* Info.plist */,
				1008F0E72B1B287B0049A3A8 /* TheMovieApp.xcdatamodeld */,
			);
			path = TheMovieApp;
			sourceTree = "<group>";
		};
		1008F0F52B1B29410049A3A8 /* ViewModel */ = {
			isa = PBXGroup;
			children = (
				105F05832B1B7E8B00A78132 /* HomePageViewModel.swift */,
			);
			path = ViewModel;
			sourceTree = "<group>";
		};
		1008F0F62B1B29490049A3A8 /* Networking */ = {
			isa = PBXGroup;
			children = (
				1008F0FF2B1B30920049A3A8 /* NetworkManager.swift */,
				1008F1072B1B367E0049A3A8 /* Endpoints.swift */,
			);
			path = Networking;
			sourceTree = "<group>";
		};
		1008F0F72B1B29500049A3A8 /* Model */ = {
			isa = PBXGroup;
			children = (
				1008F1032B1B35F90049A3A8 /* Movie.swift */,
			);
			path = Model;
			sourceTree = "<group>";
		};
		1008F0F82B1B29550049A3A8 /* Controller */ = {
			isa = PBXGroup;
			children = (
				105F05852B1B809E00A78132 /* HomePageViewController.swift */,
			);
			path = Controller;
			sourceTree = "<group>";
		};
		1008F0F92B1B295F0049A3A8 /* View */ = {
			isa = PBXGroup;
			children = (
			);
			path = View;
			sourceTree = "<group>";
		};
/* End PBXGroup section */

/* Begin PBXNativeTarget section */
		1008F0DA2B1B287B0049A3A8 /* TheMovieApp */ = {
			isa = PBXNativeTarget;
			buildConfigurationList = 1008F0F22B1B287B0049A3A8 /* Build configuration list for PBXNativeTarget "TheMovieApp" */;
			buildPhases = (
				1008F0D72B1B287B0049A3A8 /* Sources */,
				1008F0D82B1B287B0049A3A8 /* Frameworks */,
				1008F0D92B1B287B0049A3A8 /* Resources */,
			);
			buildRules = (
			);
			dependencies = (
			);
			name = TheMovieApp;
			packageProductDependencies = (
				1008F0FB2B1B2D410049A3A8 /* Alamofire */,
			);
			productName = TheMovieApp;
			productReference = 1008F0DB2B1B287B0049A3A8 /* TheMovieApp.app */;
			productType = "com.apple.product-type.application";
		};
/* End PBXNativeTarget section */

/* Begin PBXProject section */
		1008F0D32B1B287B0049A3A8 /* Project object */ = {
			isa = PBXProject;
			attributes = {
				BuildIndependentTargetsInParallel = 1;
				LastSwiftUpdateCheck = 1500;
				LastUpgradeCheck = 1500;
				TargetAttributes = {
					1008F0DA2B1B287B0049A3A8 = {
						CreatedOnToolsVersion = 15.0.1;
					};
				};
			};
			buildConfigurationList = 1008F0D62B1B287B0049A3A8 /* Build configuration list for PBXProject "TheMovieApp" */;
			compatibilityVersion = "Xcode 14.0";
			developmentRegion = en;
			hasScannedForEncodings = 0;
			knownRegions = (
				en,
				Base,
			);
			mainGroup = 1008F0D22B1B287B0049A3A8;
			packageReferences = (
				1008F0FA2B1B2D410049A3A8 /* XCRemoteSwiftPackageReference "Alamofire" */,
			);
			productRefGroup = 1008F0DC2B1B287B0049A3A8 /* Products */;
			projectDirPath = "";
			projectRoot = "";
			targets = (
				1008F0DA2B1B287B0049A3A8 /* TheMovieApp */,
			);
		};
/* End PBXProject section */

/* Begin PBXResourcesBuildPhase section */
		1008F0D92B1B287B0049A3A8 /* Resources */ = {
			isa = PBXResourcesBuildPhase;
			buildActionMask = 2147483647;
			files = (
				1008F0EE2B1B287B0049A3A8 /* LaunchScreen.storyboard in Resources */,
				1008F0EB2B1B287B0049A3A8 /* Assets.xcassets in Resources */,
			);
			runOnlyForDeploymentPostprocessing = 0;
		};
/* End PBXResourcesBuildPhase section */

/* Begin PBXSourcesBuildPhase section */
		1008F0D72B1B287B0049A3A8 /* Sources */ = {
			isa = PBXSourcesBuildPhase;
			buildActionMask = 2147483647;
			files = (
				1008F1002B1B30920049A3A8 /* NetworkManager.swift in Sources */,
				1008F0DF2B1B287B0049A3A8 /* AppDelegate.swift in Sources */,
				1008F1082B1B367E0049A3A8 /* Endpoints.swift in Sources */,
				105F05842B1B7E8B00A78132 /* HomePageViewModel.swift in Sources */,
				105F05862B1B809E00A78132 /* HomePageViewController.swift in Sources */,
				1008F0E92B1B287B0049A3A8 /* TheMovieApp.xcdatamodeld in Sources */,
				1008F0E12B1B287B0049A3A8 /* SceneDelegate.swift in Sources */,
				1008F1042B1B35F90049A3A8 /* Movie.swift in Sources */,
			);
			runOnlyForDeploymentPostprocessing = 0;
		};
/* End PBXSourcesBuildPhase section */

/* Begin PBXVariantGroup section */
		1008F0EC2B1B287B0049A3A8 /* LaunchScreen.storyboard */ = {
			isa = PBXVariantGroup;
			children = (
				1008F0ED2B1B287B0049A3A8 /* Base */,
			);
			name = LaunchScreen.storyboard;
			sourceTree = "<group>";
		};
/* End PBXVariantGroup section */

/* Begin XCBuildConfiguration section */
		1008F0F02B1B287B0049A3A8 /* Debug */ = {
			isa = XCBuildConfiguration;
			buildSettings = {
				ALWAYS_SEARCH_USER_PATHS = NO;
				ASSETCATALOG_COMPILER_GENERATE_SWIFT_ASSET_SYMBOL_EXTENSIONS = YES;
				CLANG_ANALYZER_NONNULL = YES;
				CLANG_ANALYZER_NUMBER_OBJECT_CONVERSION = YES_AGGRESSIVE;
				CLANG_CXX_LANGUAGE_STANDARD = "gnu++20";
				CLANG_ENABLE_MODULES = YES;
				CLANG_ENABLE_OBJC_ARC = YES;
				CLANG_ENABLE_OBJC_WEAK = YES;
				CLANG_WARN_BLOCK_CAPTURE_AUTORELEASING = YES;
				CLANG_WARN_BOOL_CONVERSION = YES;
				CLANG_WARN_COMMA = YES;
				CLANG_WARN_CONSTANT_CONVERSION = YES;
				CLANG_WARN_DEPRECATED_OBJC_IMPLEMENTATIONS = YES;
				CLANG_WARN_DIRECT_OBJC_ISA_USAGE = YES_ERROR;
				CLANG_WARN_DOCUMENTATION_COMMENTS = YES;
				CLANG_WARN_EMPTY_BODY = YES;
				CLANG_WARN_ENUM_CONVERSION = YES;
				CLANG_WARN_INFINITE_RECURSION = YES;
				CLANG_WARN_INT_CONVERSION = YES;
				CLANG_WARN_NON_LITERAL_NULL_CONVERSION = YES;
				CLANG_WARN_OBJC_IMPLICIT_RETAIN_SELF = YES;
				CLANG_WARN_OBJC_LITERAL_CONVERSION = YES;
				CLANG_WARN_OBJC_ROOT_CLASS = YES_ERROR;
				CLANG_WARN_QUOTED_INCLUDE_IN_FRAMEWORK_HEADER = YES;
				CLANG_WARN_RANGE_LOOP_ANALYSIS = YES;
				CLANG_WARN_STRICT_PROTOTYPES = YES;
				CLANG_WARN_SUSPICIOUS_MOVE = YES;
				CLANG_WARN_UNGUARDED_AVAILABILITY = YES_AGGRESSIVE;
				CLANG_WARN_UNREACHABLE_CODE = YES;
				CLANG_WARN__DUPLICATE_METHOD_MATCH = YES;
				COPY_PHASE_STRIP = NO;
				DEBUG_INFORMATION_FORMAT = dwarf;
				ENABLE_STRICT_OBJC_MSGSEND = YES;
				ENABLE_TESTABILITY = YES;
				ENABLE_USER_SCRIPT_SANDBOXING = YES;
				GCC_C_LANGUAGE_STANDARD = gnu17;
				GCC_DYNAMIC_NO_PIC = NO;
				GCC_NO_COMMON_BLOCKS = YES;
				GCC_OPTIMIZATION_LEVEL = 0;
				GCC_PREPROCESSOR_DEFINITIONS = (
					"DEBUG=1",
					"$(inherited)",
				);
				GCC_WARN_64_TO_32_BIT_CONVERSION = YES;
				GCC_WARN_ABOUT_RETURN_TYPE = YES_ERROR;
				GCC_WARN_UNDECLARED_SELECTOR = YES;
				GCC_WARN_UNINITIALIZED_AUTOS = YES_AGGRESSIVE;
				GCC_WARN_UNUSED_FUNCTION = YES;
				GCC_WARN_UNUSED_VARIABLE = YES;
				IPHONEOS_DEPLOYMENT_TARGET = 17.0;
				LOCALIZATION_PREFERS_STRING_CATALOGS = YES;
				MTL_ENABLE_DEBUG_INFO = INCLUDE_SOURCE;
				MTL_FAST_MATH = YES;
				ONLY_ACTIVE_ARCH = YES;
				SDKROOT = iphoneos;
				SWIFT_ACTIVE_COMPILATION_CONDITIONS = "DEBUG $(inherited)";
				SWIFT_OPTIMIZATION_LEVEL = "-Onone";
			};
			name = Debug;
		};
		1008F0F12B1B287B0049A3A8 /* Release */ = {
			isa = XCBuildConfiguration;
			buildSettings = {
				ALWAYS_SEARCH_USER_PATHS = NO;
				ASSETCATALOG_COMPILER_GENERATE_SWIFT_ASSET_SYMBOL_EXTENSIONS = YES;
				CLANG_ANALYZER_NONNULL = YES;
				CLANG_ANALYZER_NUMBER_OBJECT_CONVERSION = YES_AGGRESSIVE;
				CLANG_CXX_LANGUAGE_STANDARD = "gnu++20";
				CLANG_ENABLE_MODULES = YES;
				CLANG_ENABLE_OBJC_ARC = YES;
				CLANG_ENABLE_OBJC_WEAK = YES;
				CLANG_WARN_BLOCK_CAPTURE_AUTORELEASING = YES;
				CLANG_WARN_BOOL_CONVERSION = YES;
				CLANG_WARN_COMMA = YES;
				CLANG_WARN_CONSTANT_CONVERSION = YES;
				CLANG_WARN_DEPRECATED_OBJC_IMPLEMENTATIONS = YES;
				CLANG_WARN_DIRECT_OBJC_ISA_USAGE = YES_ERROR;
				CLANG_WARN_DOCUMENTATION_COMMENTS = YES;
				CLANG_WARN_EMPTY_BODY = YES;
				CLANG_WARN_ENUM_CONVERSION = YES;
				CLANG_WARN_INFINITE_RECURSION = YES;
				CLANG_WARN_INT_CONVERSION = YES;
				CLANG_WARN_NON_LITERAL_NULL_CONVERSION = YES;
				CLANG_WARN_OBJC_IMPLICIT_RETAIN_SELF = YES;
				CLANG_WARN_OBJC_LITERAL_CONVERSION = YES;
				CLANG_WARN_OBJC_ROOT_CLASS = YES_ERROR;
				CLANG_WARN_QUOTED_INCLUDE_IN_FRAMEWORK_HEADER = YES;
				CLANG_WARN_RANGE_LOOP_ANALYSIS = YES;
				CLANG_WARN_STRICT_PROTOTYPES = YES;
				CLANG_WARN_SUSPICIOUS_MOVE = YES;
				CLANG_WARN_UNGUARDED_AVAILABILITY = YES_AGGRESSIVE;
				CLANG_WARN_UNREACHABLE_CODE = YES;
				CLANG_WARN__DUPLICATE_METHOD_MATCH = YES;
				COPY_PHASE_STRIP = NO;
				DEBUG_INFORMATION_FORMAT = "dwarf-with-dsym";
				ENABLE_NS_ASSERTIONS = NO;
				ENABLE_STRICT_OBJC_MSGSEND = YES;
				ENABLE_USER_SCRIPT_SANDBOXING = YES;
				GCC_C_LANGUAGE_STANDARD = gnu17;
				GCC_NO_COMMON_BLOCKS = YES;
				GCC_WARN_64_TO_32_BIT_CONVERSION = YES;
				GCC_WARN_ABOUT_RETURN_TYPE = YES_ERROR;
				GCC_WARN_UNDECLARED_SELECTOR = YES;
				GCC_WARN_UNINITIALIZED_AUTOS = YES_AGGRESSIVE;
				GCC_WARN_UNUSED_FUNCTION = YES;
				GCC_WARN_UNUSED_VARIABLE = YES;
				IPHONEOS_DEPLOYMENT_TARGET = 17.0;
				LOCALIZATION_PREFERS_STRING_CATALOGS = YES;
				MTL_ENABLE_DEBUG_INFO = NO;
				MTL_FAST_MATH = YES;
				SDKROOT = iphoneos;
				SWIFT_COMPILATION_MODE = wholemodule;
				VALIDATE_PRODUCT = YES;
			};
			name = Release;
		};
		1008F0F32B1B287B0049A3A8 /* Debug */ = {
			isa = XCBuildConfiguration;
			buildSettings = {
				ASSETCATALOG_COMPILER_APPICON_NAME = AppIcon;
				ASSETCATALOG_COMPILER_GLOBAL_ACCENT_COLOR_NAME = AccentColor;
				CODE_SIGN_STYLE = Automatic;
				CURRENT_PROJECT_VERSION = 1;
				DEVELOPMENT_TEAM = Y34U93D838;
				GENERATE_INFOPLIST_FILE = YES;
				INFOPLIST_FILE = TheMovieApp/Info.plist;
				INFOPLIST_KEY_UIApplicationSupportsIndirectInputEvents = YES;
				INFOPLIST_KEY_UILaunchStoryboardName = LaunchScreen;
				INFOPLIST_KEY_UISupportedInterfaceOrientations_iPad = "UIInterfaceOrientationPortrait UIInterfaceOrientationPortraitUpsideDown UIInterfaceOrientationLandscapeLeft UIInterfaceOrientationLandscapeRight";
				INFOPLIST_KEY_UISupportedInterfaceOrientations_iPhone = "UIInterfaceOrientationPortrait UIInterfaceOrientationLandscapeLeft UIInterfaceOrientationLandscapeRight";
				LD_RUNPATH_SEARCH_PATHS = (
					"$(inherited)",
					"@executable_path/Frameworks",
				);
				MARKETING_VERSION = 1.0;
				PRODUCT_BUNDLE_IDENTIFIER = com.nazrindolkhanova.TheMovieApp;
				PRODUCT_NAME = "$(TARGET_NAME)";
				SWIFT_EMIT_LOC_STRINGS = YES;
				SWIFT_VERSION = 5.0;
				TARGETED_DEVICE_FAMILY = "1,2";
			};
			name = Debug;
		};
		1008F0F42B1B287B0049A3A8 /* Release */ = {
			isa = XCBuildConfiguration;
			buildSettings = {
				ASSETCATALOG_COMPILER_APPICON_NAME = AppIcon;
				ASSETCATALOG_COMPILER_GLOBAL_ACCENT_COLOR_NAME = AccentColor;
				CODE_SIGN_STYLE = Automatic;
				CURRENT_PROJECT_VERSION = 1;
				DEVELOPMENT_TEAM = Y34U93D838;
				GENERATE_INFOPLIST_FILE = YES;
				INFOPLIST_FILE = TheMovieApp/Info.plist;
				INFOPLIST_KEY_UIApplicationSupportsIndirectInputEvents = YES;
				INFOPLIST_KEY_UILaunchStoryboardName = LaunchScreen;
				INFOPLIST_KEY_UISupportedInterfaceOrientations_iPad = "UIInterfaceOrientationPortrait UIInterfaceOrientationPortraitUpsideDown UIInterfaceOrientationLandscapeLeft UIInterfaceOrientationLandscapeRight";
				INFOPLIST_KEY_UISupportedInterfaceOrientations_iPhone = "UIInterfaceOrientationPortrait UIInterfaceOrientationLandscapeLeft UIInterfaceOrientationLandscapeRight";
				LD_RUNPATH_SEARCH_PATHS = (
					"$(inherited)",
					"@executable_path/Frameworks",
				);
				MARKETING_VERSION = 1.0;
				PRODUCT_BUNDLE_IDENTIFIER = com.nazrindolkhanova.TheMovieApp;
				PRODUCT_NAME = "$(TARGET_NAME)";
				SWIFT_EMIT_LOC_STRINGS = YES;
				SWIFT_VERSION = 5.0;
				TARGETED_DEVICE_FAMILY = "1,2";
			};
			name = Release;
		};
/* End XCBuildConfiguration section */

/* Begin XCConfigurationList section */
		1008F0D62B1B287B0049A3A8 /* Build configuration list for PBXProject "TheMovieApp" */ = {
			isa = XCConfigurationList;
			buildConfigurations = (
				1008F0F02B1B287B0049A3A8 /* Debug */,
				1008F0F12B1B287B0049A3A8 /* Release */,
			);
			defaultConfigurationIsVisible = 0;
			defaultConfigurationName = Release;
		};
		1008F0F22B1B287B0049A3A8 /* Build configuration list for PBXNativeTarget "TheMovieApp" */ = {
			isa = XCConfigurationList;
			buildConfigurations = (
				1008F0F32B1B287B0049A3A8 /* Debug */,
				1008F0F42B1B287B0049A3A8 /* Release */,
			);
			defaultConfigurationIsVisible = 0;
			defaultConfigurationName = Release;
		};
/* End XCConfigurationList section */

/* Begin XCRemoteSwiftPackageReference section */
		1008F0FA2B1B2D410049A3A8 /* XCRemoteSwiftPackageReference "Alamofire" */ = {
			isa = XCRemoteSwiftPackageReference;
			repositoryURL = "https://github.com/Alamofire/Alamofire.git";
			requirement = {
				kind = upToNextMajorVersion;
				minimumVersion = 5.8.1;
			};
		};
/* End XCRemoteSwiftPackageReference section */

/* Begin XCSwiftPackageProductDependency section */
		1008F0FB2B1B2D410049A3A8 /* Alamofire */ = {
			isa = XCSwiftPackageProductDependency;
			package = 1008F0FA2B1B2D410049A3A8 /* XCRemoteSwiftPackageReference "Alamofire" */;
			productName = Alamofire;
		};
/* End XCSwiftPackageProductDependency section */

/* Begin XCVersionGroup section */
		1008F0E72B1B287B0049A3A8 /* TheMovieApp.xcdatamodeld */ = {
			isa = XCVersionGroup;
			children = (
				1008F0E82B1B287B0049A3A8 /* TheMovieApp.xcdatamodel */,
			);
			currentVersion = 1008F0E82B1B287B0049A3A8 /* TheMovieApp.xcdatamodel */;
			path = TheMovieApp.xcdatamodeld;
			sourceTree = "<group>";
			versionGroupType = wrapper.xcdatamodel;
		};
/* End XCVersionGroup section */
	};
	rootObject = 1008F0D32B1B287B0049A3A8 /* Project object */;
}
